
Microsoft Visual Studio Solution File, Format Version 12.00
# Visual Studio Version 16
VisualStudioVersion = 16.0.31402.337
MinimumVisualStudioVersion = 10.0.40219.1
Project("{FAE04EC0-301F-11D3-BF4B-00C04F79EFBC}") = "Tourrento.Server", "Tourrento\Server\Tourrento.Server.csproj", "{EAC46EFC-8B2F-4B17-ADCF-082B1F2EB779}"
EndProject
Project("{FAE04EC0-301F-11D3-BF4B-00C04F79EFBC}") = "Tourrento.Client", "Tourrento\Client\Tourrento.Client.csproj", "{46CC675D-41F0-4F2F-88B4-CB1E5FC1030A}"
EndProject
Project("{FAE04EC0-301F-11D3-BF4B-00C04F79EFBC}") = "Tourrento.Shared", "Tourrento\Shared\Tourrento.Shared.csproj", "{7FDCD494-CF44-4580-8E3E-5519DA0A6F59}"
EndProject
Project("{FAE04EC0-301F-11D3-BF4B-00C04F79EFBC}") = "Tourrento.DAL", "Tourrento.DAL\Tourrento.DAL.csproj", "{DC2A3D82-CB51-48E0-9AB8-75359F7ECE79}"
EndProject
Global
	GlobalSection(SolutionConfigurationPlatforms) = preSolution
		Debug|Any CPU = Debug|Any CPU
		Release|Any CPU = Release|Any CPU
	EndGlobalSection
	GlobalSection(ProjectConfigurationPlatforms) = postSolution
		{EAC46EFC-8B2F-4B17-ADCF-082B1F2EB779}.Debug|Any CPU.ActiveCfg = Debug|Any CPU
		{EAC46EFC-8B2F-4B17-ADCF-082B1F2EB779}.Debug|Any CPU.Build.0 = Debug|Any CPU
		{EAC46EFC-8B2F-4B17-ADCF-082B1F2EB779}.Release|Any CPU.ActiveCfg = Release|Any CPU
		{EAC46EFC-8B2F-4B17-ADCF-082B1F2EB779}.Release|Any CPU.Build.0 = Release|Any CPU
		{46CC675D-41F0-4F2F-88B4-CB1E5FC1030A}.Debug|Any CPU.ActiveCfg = Debug|Any CPU
		{46CC675D-41F0-4F2F-88B4-CB1E5FC1030A}.Debug|Any CPU.Build.0 = Debug|Any CPU
		{46CC675D-41F0-4F2F-88B4-CB1E5FC1030A}.Release|Any CPU.ActiveCfg = Release|Any CPU
		{46CC675D-41F0-4F2F-88B4-CB1E5FC1030A}.Release|Any CPU.Build.0 = Release|Any CPU
		{7FDCD494-CF44-4580-8E3E-5519DA0A6F59}.Debug|Any CPU.ActiveCfg = Debug|Any CPU
		{7FDCD494-CF44-4580-8E3E-5519DA0A6F59}.Debug|Any CPU.Build.0 = Debug|Any CPU
		{7FDCD494-CF44-4580-8E3E-5519DA0A6F59}.Release|Any CPU.ActiveCfg = Release|Any CPU
		{7FDCD494-CF44-4580-8E3E-5519DA0A6F59}.Release|Any CPU.Build.0 = Release|Any CPU
		{DC2A3D82-CB51-48E0-9AB8-75359F7ECE79}.Debug|Any CPU.ActiveCfg = Debug|Any CPU
		{DC2A3D82-CB51-48E0-9AB8-75359F7ECE79}.Debug|Any CPU.Build.0 = Debug|Any CPU
		{DC2A3D82-CB51-48E0-9AB8-75359F7ECE79}.Release|Any CPU.ActiveCfg = Release|Any CPU
		{DC2A3D82-CB51-48E0-9AB8-75359F7ECE79}.Release|Any CPU.Build.0 = Release|Any CPU
	EndGlobalSection
	GlobalSection(SolutionProperties) = preSolution
		HideSolutionNode = FALSE
	EndGlobalSection
	GlobalSection(ExtensibilityGlobals) = postSolution
		SolutionGuid = {B9B26C55-3235-45F1-8B8A-CD4B305CF0AC}
	EndGlobalSection
EndGlobal
